
Microsoft Visual Studio Solution File, Format Version 11.00
# Visual Studio 2010
Project("{FAE04EC0-301F-11D3-BF4B-00C04F79EFBC}") = "Filewatchdog_vs2010", "Filewatchdog_vs2010\Filewatchdog_vs2010.csproj", "{172FE3EA-8074-4B06-BDD5-139CD670C3C7}"
EndProject
Global
	GlobalSection(SolutionConfigurationPlatforms) = preSolution
		Debug|x86 = Debug|x86
		Release|x86 = Release|x86
	EndGlobalSection
	GlobalSection(ProjectConfigurationPlatforms) = postSolution
		{172FE3EA-8074-4B06-BDD5-139CD670C3C7}.Debug|x86.ActiveCfg = Debug|x86
		{172FE3EA-8074-4B06-BDD5-139CD670C3C7}.Debug|x86.Build.0 = Debug|x86
		{172FE3EA-8074-4B06-BDD5-139CD670C3C7}.Release|x86.ActiveCfg = Release|x86
		{172FE3EA-8074-4B06-BDD5-139CD670C3C7}.Release|x86.Build.0 = Release|x86
	EndGlobalSection
	GlobalSection(SolutionProperties) = preSolution
		HideSolutionNode = FALSE
	EndGlobalSection
EndGlobal
